# This file is automatically @generated by Cargo.
# It is not intended for manual editing.
version = 3

[[package]]
name = "nmap-cli"
version = "0.1.0"
dependencies = [
 "nmap-core",
 "nmap-sys",
]

[[package]]
name = "nmap-core"
version = "0.1.0"

[[package]]
name = "nmap-sys"
version = "0.1.0"
dependencies = [
 "nmap-core",
]
